
Microsoft Visual Studio Solution File, Format Version 12.00
# Visual Studio Version 17
VisualStudioVersion = 17.9.34622.214
MinimumVisualStudioVersion = 10.0.40219.1
Project("{FAE04EC0-301F-11D3-BF4B-00C04F79EFBC}") = "DomainLayer", "DomainLayer\DomainLayer.csproj", "{0AF5308D-451B-47F7-8FA7-46E16CB8D2DF}"
EndProject
Project("{FAE04EC0-301F-11D3-BF4B-00C04F79EFBC}") = "ApplicationLayer", "ApplicationLayer\ApplicationLayer.csproj", "{428379CC-7E7F-4D2F-AD72-C4B95CFA34E3}"
EndProject
Project("{FAE04EC0-301F-11D3-BF4B-00C04F79EFBC}") = "InfrastructureLayer", "InfrastructureLayer\InfrastructureLayer.csproj", "{349FD1FC-59A5-4624-8A92-81C6E61A1231}"
EndProject
Project("{2150E333-8FDC-42A3-9474-1A3956D46DE8}") = "PresentationLayer", "PresentationLayer", "{81F0DE8B-5E1D-4A8A-AE1D-46182B8E11D9}"
EndProject
Project("{FAE04EC0-301F-11D3-BF4B-00C04F79EFBC}") = "WebAPI", "WebAPI\WebAPI.csproj", "{32FA8CAA-2F47-492F-8F43-CA9787FB50B7}"
EndProject
Project("{FAE04EC0-301F-11D3-BF4B-00C04F79EFBC}") = "WebAssembly", "WebAssembly\WebAssembly.csproj", "{AEED9F80-4545-4811-917A-9B7D5F876321}"
EndProject
Global
	GlobalSection(SolutionConfigurationPlatforms) = preSolution
		Debug|Any CPU = Debug|Any CPU
		Release|Any CPU = Release|Any CPU
	EndGlobalSection
	GlobalSection(ProjectConfigurationPlatforms) = postSolution
		{0AF5308D-451B-47F7-8FA7-46E16CB8D2DF}.Debug|Any CPU.ActiveCfg = Debug|Any CPU
		{0AF5308D-451B-47F7-8FA7-46E16CB8D2DF}.Debug|Any CPU.Build.0 = Debug|Any CPU
		{0AF5308D-451B-47F7-8FA7-46E16CB8D2DF}.Release|Any CPU.ActiveCfg = Release|Any CPU
		{0AF5308D-451B-47F7-8FA7-46E16CB8D2DF}.Release|Any CPU.Build.0 = Release|Any CPU
		{428379CC-7E7F-4D2F-AD72-C4B95CFA34E3}.Debug|Any CPU.ActiveCfg = Debug|Any CPU
		{428379CC-7E7F-4D2F-AD72-C4B95CFA34E3}.Debug|Any CPU.Build.0 = Debug|Any CPU
		{428379CC-7E7F-4D2F-AD72-C4B95CFA34E3}.Release|Any CPU.ActiveCfg = Release|Any CPU
		{428379CC-7E7F-4D2F-AD72-C4B95CFA34E3}.Release|Any CPU.Build.0 = Release|Any CPU
		{349FD1FC-59A5-4624-8A92-81C6E61A1231}.Debug|Any CPU.ActiveCfg = Debug|Any CPU
		{349FD1FC-59A5-4624-8A92-81C6E61A1231}.Debug|Any CPU.Build.0 = Debug|Any CPU
		{349FD1FC-59A5-4624-8A92-81C6E61A1231}.Release|Any CPU.ActiveCfg = Release|Any CPU
		{349FD1FC-59A5-4624-8A92-81C6E61A1231}.Release|Any CPU.Build.0 = Release|Any CPU
		{32FA8CAA-2F47-492F-8F43-CA9787FB50B7}.Debug|Any CPU.ActiveCfg = Debug|Any CPU
		{32FA8CAA-2F47-492F-8F43-CA9787FB50B7}.Debug|Any CPU.Build.0 = Debug|Any CPU
		{32FA8CAA-2F47-492F-8F43-CA9787FB50B7}.Release|Any CPU.ActiveCfg = Release|Any CPU
		{32FA8CAA-2F47-492F-8F43-CA9787FB50B7}.Release|Any CPU.Build.0 = Release|Any CPU
		{AEED9F80-4545-4811-917A-9B7D5F876321}.Debug|Any CPU.ActiveCfg = Debug|Any CPU
		{AEED9F80-4545-4811-917A-9B7D5F876321}.Debug|Any CPU.Build.0 = Debug|Any CPU
		{AEED9F80-4545-4811-917A-9B7D5F876321}.Release|Any CPU.ActiveCfg = Release|Any CPU
		{AEED9F80-4545-4811-917A-9B7D5F876321}.Release|Any CPU.Build.0 = Release|Any CPU
	EndGlobalSection
	GlobalSection(SolutionProperties) = preSolution
		HideSolutionNode = FALSE
	EndGlobalSection
	GlobalSection(NestedProjects) = preSolution
		{32FA8CAA-2F47-492F-8F43-CA9787FB50B7} = {81F0DE8B-5E1D-4A8A-AE1D-46182B8E11D9}
		{AEED9F80-4545-4811-917A-9B7D5F876321} = {81F0DE8B-5E1D-4A8A-AE1D-46182B8E11D9}
	EndGlobalSection
	GlobalSection(ExtensibilityGlobals) = postSolution
		SolutionGuid = {61219162-273A-4E6F-A377-8590124B8593}
	EndGlobalSection
EndGlobal
